
Microsoft Visual Studio Solution File, Format Version 12.00
# Visual Studio Version 16
VisualStudioVersion = 16.0.30804.86
MinimumVisualStudioVersion = 10.0.40219.1
Project("{FAE04EC0-301F-11D3-BF4B-00C04F79EFBC}") = "Convert DT into source_time", "Convert DT into source_time.csproj", "{87382D53-C12C-409A-A9AE-FBB38DD5C8F5}"
EndProject
Global
	GlobalSection(SolutionConfigurationPlatforms) = preSolution
		Debug|Any CPU = Debug|Any CPU
		Release|Any CPU = Release|Any CPU
	EndGlobalSection
	GlobalSection(ProjectConfigurationPlatforms) = postSolution
		{87382D53-C12C-409A-A9AE-FBB38DD5C8F5}.Debug|Any CPU.ActiveCfg = Debug|Any CPU
		{87382D53-C12C-409A-A9AE-FBB38DD5C8F5}.Debug|Any CPU.Build.0 = Debug|Any CPU
		{87382D53-C12C-409A-A9AE-FBB38DD5C8F5}.Release|Any CPU.ActiveCfg = Release|Any CPU
		{87382D53-C12C-409A-A9AE-FBB38DD5C8F5}.Release|Any CPU.Build.0 = Release|Any CPU
	EndGlobalSection
	GlobalSection(SolutionProperties) = preSolution
		HideSolutionNode = FALSE
	EndGlobalSection
	GlobalSection(ExtensibilityGlobals) = postSolution
		SolutionGuid = {72DED4C4-EAC4-4F06-A88B-8F57DCA8E651}
	EndGlobalSection
EndGlobal
